
Microsoft Visual Studio Solution File, Format Version 12.00
# Visual Studio Version 17
VisualStudioVersion = 17.2.32630.192
MinimumVisualStudioVersion = 10.0.40219.1
Project("{FAE04EC0-301F-11D3-BF4B-00C04F79EFBC}") = "LocalMenu", "LocalMenu.csproj", "{39B2E9CB-B40C-409F-A251-67536FC1B3A4}"
EndProject
Global
	GlobalSection(SolutionConfigurationPlatforms) = preSolution
		Debug|Any CPU = Debug|Any CPU
		Release|Any CPU = Release|Any CPU
	EndGlobalSection
	GlobalSection(ProjectConfigurationPlatforms) = postSolution
		{39B2E9CB-B40C-409F-A251-67536FC1B3A4}.Debug|Any CPU.ActiveCfg = Debug|Any CPU
		{39B2E9CB-B40C-409F-A251-67536FC1B3A4}.Debug|Any CPU.Build.0 = Debug|Any CPU
		{39B2E9CB-B40C-409F-A251-67536FC1B3A4}.Release|Any CPU.ActiveCfg = Release|Any CPU
		{39B2E9CB-B40C-409F-A251-67536FC1B3A4}.Release|Any CPU.Build.0 = Release|Any CPU
	EndGlobalSection
	GlobalSection(SolutionProperties) = preSolution
		HideSolutionNode = FALSE
	EndGlobalSection
	GlobalSection(ExtensibilityGlobals) = postSolution
		SolutionGuid = {E181D723-0D8F-4ABA-97A0-0639D8A3B4E5}
	EndGlobalSection
EndGlobal
